
Microsoft Visual Studio Solution File, Format Version 12.00
# Visual Studio Version 17
VisualStudioVersion = 17.8.34525.116
MinimumVisualStudioVersion = 10.0.40219.1
Project("{FAE04EC0-301F-11D3-BF4B-00C04F79EFBC}") = "AmanoraGangaurUtsav", "AmanoraGangaurUtsav\AmanoraGangaurUtsav.csproj", "{71BB36C5-7DBA-4266-93DB-59481B54D134}"
EndProject
Project("{FAE04EC0-301F-11D3-BF4B-00C04F79EFBC}") = "Agu.Business", "Agu.Business\Agu.Business.csproj", "{366ABEA8-0435-4CB0-A6E7-C69431FF2C13}"
EndProject
Project("{FAE04EC0-301F-11D3-BF4B-00C04F79EFBC}") = "Agu.Repository", "Agu.Repository\Agu.Repository.csproj", "{5D88BB70-DAF8-4FC1-85C9-A93C8F327B94}"
EndProject
Project("{FAE04EC0-301F-11D3-BF4B-00C04F79EFBC}") = "Agu.Interface", "Agu.Interface\Agu.Interface.csproj", "{3C1DE946-0009-483E-A9AC-54F6964E2BC8}"
EndProject
Project("{FAE04EC0-301F-11D3-BF4B-00C04F79EFBC}") = "Agu.Domain", "Agu.Domain\Agu.Domain.csproj", "{D77349CA-97A9-4F05-8527-3EA74A9970FB}"
EndProject
Global
	GlobalSection(SolutionConfigurationPlatforms) = preSolution
		Debug|Any CPU = Debug|Any CPU
		Release|Any CPU = Release|Any CPU
	EndGlobalSection
	GlobalSection(ProjectConfigurationPlatforms) = postSolution
		{71BB36C5-7DBA-4266-93DB-59481B54D134}.Debug|Any CPU.ActiveCfg = Debug|Any CPU
		{71BB36C5-7DBA-4266-93DB-59481B54D134}.Debug|Any CPU.Build.0 = Debug|Any CPU
		{71BB36C5-7DBA-4266-93DB-59481B54D134}.Release|Any CPU.ActiveCfg = Release|Any CPU
		{71BB36C5-7DBA-4266-93DB-59481B54D134}.Release|Any CPU.Build.0 = Release|Any CPU
		{366ABEA8-0435-4CB0-A6E7-C69431FF2C13}.Debug|Any CPU.ActiveCfg = Debug|Any CPU
		{366ABEA8-0435-4CB0-A6E7-C69431FF2C13}.Debug|Any CPU.Build.0 = Debug|Any CPU
		{366ABEA8-0435-4CB0-A6E7-C69431FF2C13}.Release|Any CPU.ActiveCfg = Release|Any CPU
		{366ABEA8-0435-4CB0-A6E7-C69431FF2C13}.Release|Any CPU.Build.0 = Release|Any CPU
		{5D88BB70-DAF8-4FC1-85C9-A93C8F327B94}.Debug|Any CPU.ActiveCfg = Debug|Any CPU
		{5D88BB70-DAF8-4FC1-85C9-A93C8F327B94}.Debug|Any CPU.Build.0 = Debug|Any CPU
		{5D88BB70-DAF8-4FC1-85C9-A93C8F327B94}.Release|Any CPU.ActiveCfg = Release|Any CPU
		{5D88BB70-DAF8-4FC1-85C9-A93C8F327B94}.Release|Any CPU.Build.0 = Release|Any CPU
		{3C1DE946-0009-483E-A9AC-54F6964E2BC8}.Debug|Any CPU.ActiveCfg = Debug|Any CPU
		{3C1DE946-0009-483E-A9AC-54F6964E2BC8}.Debug|Any CPU.Build.0 = Debug|Any CPU
		{3C1DE946-0009-483E-A9AC-54F6964E2BC8}.Release|Any CPU.ActiveCfg = Release|Any CPU
		{3C1DE946-0009-483E-A9AC-54F6964E2BC8}.Release|Any CPU.Build.0 = Release|Any CPU
		{D77349CA-97A9-4F05-8527-3EA74A9970FB}.Debug|Any CPU.ActiveCfg = Debug|Any CPU
		{D77349CA-97A9-4F05-8527-3EA74A9970FB}.Debug|Any CPU.Build.0 = Debug|Any CPU
		{D77349CA-97A9-4F05-8527-3EA74A9970FB}.Release|Any CPU.ActiveCfg = Release|Any CPU
		{D77349CA-97A9-4F05-8527-3EA74A9970FB}.Release|Any CPU.Build.0 = Release|Any CPU
	EndGlobalSection
	GlobalSection(SolutionProperties) = preSolution
		HideSolutionNode = FALSE
	EndGlobalSection
	GlobalSection(ExtensibilityGlobals) = postSolution
		SolutionGuid = {153CAC7E-93B1-4A71-B58F-B57437F56571}
	EndGlobalSection
EndGlobal
